{
  "name": "my-project",
  "version": "1.0.0",
  "lockfileVersion": 3,
  "requires": true,
  "packages": {
    "": {
      "name": "my-project",
      "version": "1.0.0",
      "license": "ISC",
      "dependencies": {
        "antigravity-awesome-skills": "^5.7.0"
      }
    },
    "node_modules/antigravity-awesome-skills": {
      "version": "5.7.0",
      "resolved": "https://registry.npmjs.org/antigravity-awesome-skills/-/antigravity-awesome-skills-5.7.0.tgz",
      "integrity": "sha512-zKPhfvB96yqPY+tFkMmdA/5JfaLxwLG1IWgJQm5jUX/L6cUMQMmvpmQeoExddN03O1BWvbuHxW8eqTG1pyTeOg==",
      "license": "MIT",
      "bin": {
        "antigravity-awesome-skills": "bin/install.js"
      }
    }
  }
}
